// !$*UTF8*$!
{
	archiveVersion = 1;
	classes = {
	};
	objectVersion = 46;
	objects = {

/* Begin PBXBuildFile section */
		9EDC5C48192608D80092D938 /* Foundation.framework in Frameworks */ = {isa = PBXBuildFile; fileRef = 9EDC5C47192608D80092D938 /* Foundation.framework */; };
		9EDC5C4A192608D80092D938 /* CoreGraphics.framework in Frameworks */ = {isa = PBXBuildFile; fileRef = 9EDC5C49192608D80092D938 /* CoreGraphics.framework */; };
		9EDC5C4C192608D80092D938 /* UIKit.framework in Frameworks */ = {isa = PBXBuildFile; fileRef = 9EDC5C4B192608D80092D938 /* UIKit.framework */; };
		9EDC5C52192608D80092D938 /* InfoPlist.strings in Resources */ = {isa = PBXBuildFile; fileRef = 9EDC5C50192608D80092D938 /* InfoPlist.strings */; };
		9EDC5C54192608D80092D938 /* main.m in Sources */ = {isa = PBXBuildFile; fileRef = 9EDC5C53192608D80092D938 /* main.m */; };
		9EDC5C58192608D80092D938 /* MBAppDelegate.m in Sources */ = {isa = PBXBuildFile; fileRef = 9EDC5C57192608D80092D938 /* MBAppDelegate.m */; };
		9EDC5C5B192608D80092D938 /* Main.storyboard in Resources */ = {isa = PBXBuildFile; fileRef = 9EDC5C59192608D80092D938 /* Main.storyboard */; };
		9EDC5C5E192608D80092D938 /* MBViewController.m in Sources */ = {isa = PBXBuildFile; fileRef = 9EDC5C5D192608D80092D938 /* MBViewController.m */; };
		9EDC5C60192608D80092D938 /* Images.xcassets in Resources */ = {isa = PBXBuildFile; fileRef = 9EDC5C5F192608D80092D938 /* Images.xcassets */; };
		9EDC5C67192608D80092D938 /* XCTest.framework in Frameworks */ = {isa = PBXBuildFile; fileRef = 9EDC5C66192608D80092D938 /* XCTest.framework */; };
		9EDC5C68192608D80092D938 /* Foundation.framework in Frameworks */ = {isa = PBXBuildFile; fileRef = 9EDC5C47192608D80092D938 /* Foundation.framework */; };
		9EDC5C69192608D80092D938 /* UIKit.framework in Frameworks */ = {isa = PBXBuildFile; fileRef = 9EDC5C4B192608D80092D938 /* UIKit.framework */; };
		9EDC5C71192608D80092D938 /* InfoPlist.strings in Resources */ = {isa = PBXBuildFile; fileRef = 9EDC5C6F192608D80092D938 /* InfoPlist.strings */; };
		9EDC5C73192608D80092D938 /* MBAutoGrowingTextViewTests.m in Sources */ = {isa = PBXBuildFile; fileRef = 9EDC5C72192608D80092D938 /* MBAutoGrowingTextViewTests.m */; };
/* End PBXBuildFile section */

/* Begin PBXContainerItemProxy section */
		9EDC5C6A192608D80092D938 /* PBXContainerItemProxy */ = {
			isa = PBXContainerItemProxy;
			containerPortal = 9EDC5C3C192608D80092D938 /* Project object */;
			proxyType = 1;
			remoteGlobalIDString = 9EDC5C43192608D80092D938;
			remoteInfo = MBAutoGrowingTextView;
		};
/* End PBXContainerItemProxy section */

/* Begin PBXFileReference section */
		9EDC5C44192608D80092D938 /* MBAutoGrowingTextView.app */ = {isa = PBXFileReference; explicitFileType = wrapper.application; includeInIndex = 0; path = MBAutoGrowingTextView.app; sourceTree = BUILT_PRODUCTS_DIR; };
		9EDC5C47192608D80092D938 /* Foundation.framework */ = {isa = PBXFileReference; lastKnownFileType = wrapper.framework; name = Foundation.framework; path = System/Library/Frameworks/Foundation.framework; sourceTree = SDKROOT; };
		9EDC5C49192608D80092D938 /* CoreGraphics.framework */ = {isa = PBXFileReference; lastKnownFileType = wrapper.framework; name = CoreGraphics.framework; path = System/Library/Frameworks/CoreGraphics.framework; sourceTree = SDKROOT; };
		9EDC5C4B192608D80092D938 /* UIKit.framework */ = {isa = PBXFileReference; lastKnownFileType = wrapper.framework; name = UIKit.framework; path = System/Library/Frameworks/UIKit.framework; sourceTree = SDKROOT; };
		9EDC5C4F192608D80092D938 /* MBAutoGrowingTextView-Info.plist */ = {isa = PBXFileReference; lastKnownFileType = text.plist.xml; path = "MBAutoGrowingTextView-Info.plist"; sourceTree = "<group>"; };
		9EDC5C51192608D80092D938 /* en */ = {isa = PBXFileReference; lastKnownFileType = text.plist.strings; name = en; path = en.lproj/InfoPlist.strings; sourceTree = "<group>"; };
		9EDC5C53192608D80092D938 /* main.m */ = {isa = PBXFileReference; lastKnownFileType = sourcecode.c.objc; path = main.m; sourceTree = "<group>"; };
		9EDC5C55192608D80092D938 /* MBAutoGrowingTextView-Prefix.pch */ = {isa = PBXFileReference; lastKnownFileType = sourcecode.c.h; path = "MBAutoGrowingTextView-Prefix.pch"; sourceTree = "<group>"; };
		9EDC5C56192608D80092D938 /* MBAppDelegate.h */ = {isa = PBXFileReference; lastKnownFileType = sourcecode.c.h; path = MBAppDelegate.h; sourceTree = "<group>"; };
		9EDC5C57192608D80092D938 /* MBAppDelegate.m */ = {isa = PBXFileReference; lastKnownFileType = sourcecode.c.objc; path = MBAppDelegate.m; sourceTree = "<group>"; };
		9EDC5C5A192608D80092D938 /* Base */ = {isa = PBXFileReference; lastKnownFileType = file.storyboard; name = Base; path = Base.lproj/Main.storyboard; sourceTree = "<group>"; };
		9EDC5C5C192608D80092D938 /* MBViewController.h */ = {isa = PBXFileReference; lastKnownFileType = sourcecode.c.h; path = MBViewController.h; sourceTree = "<group>"; };
		9EDC5C5D192608D80092D938 /* MBViewController.m */ = {isa = PBXFileReference; lastKnownFileType = sourcecode.c.objc; path = MBViewController.m; sourceTree = "<group>"; };
		9EDC5C5F192608D80092D938 /* Images.xcassets */ = {isa = PBXFileReference; lastKnownFileType = folder.assetcatalog; path = Images.xcassets; sourceTree = "<group>"; };
		9EDC5C65192608D80092D938 /* MBAutoGrowingTextViewTests.xctest */ = {isa = PBXFileReference; explicitFileType = wrapper.cfbundle; includeInIndex = 0; path = MBAutoGrowingTextViewTests.xctest; sourceTree = BUILT_PRODUCTS_DIR; };
		9EDC5C66192608D80092D938 /* XCTest.framework */ = {isa = PBXFileReference; lastKnownFileType = wrapper.framework; name = XCTest.framework; path = Library/Frameworks/XCTest.framework; sourceTree = DEVELOPER_DIR; };
		9EDC5C6E192608D80092D938 /* MBAutoGrowingTextViewTests-Info.plist */ = {isa = PBXFileReference; lastKnownFileType = text.plist.xml; path = "MBAutoGrowingTextViewTests-Info.plist"; sourceTree = "<group>"; };
		9EDC5C70192608D80092D938 /* en */ = {isa = PBXFileReference; lastKnownFileType = text.plist.strings; name = en; path = en.lproj/InfoPlist.strings; sourceTree = "<group>"; };
		9EDC5C72192608D80092D938 /* MBAutoGrowingTextViewTests.m */ = {isa = PBXFileReference; lastKnownFileType = sourcecode.c.objc; path = MBAutoGrowingTextViewTests.m; sourceTree = "<group>"; };
/* End PBXFileReference section */

/* Begin PBXFrameworksBuildPhase section */
		9EDC5C41192608D80092D938 /* Frameworks */ = {
			isa = PBXFrameworksBuildPhase;
			buildActionMask = 2147483647;
			files = (
				9EDC5C4A192608D80092D938 /* CoreGraphics.framework in Frameworks */,
				9EDC5C4C192608D80092D938 /* UIKit.framework in Frameworks */,
				9EDC5C48192608D80092D938 /* Foundation.framework in Frameworks */,
			);
			runOnlyForDeploymentPostprocessing = 0;
		};
		9EDC5C62192608D80092D938 /* Frameworks */ = {
			isa = PBXFrameworksBuildPhase;
			buildActionMask = 2147483647;
			files = (
				9EDC5C67192608D80092D938 /* XCTest.framework in Frameworks */,
				9EDC5C69192608D80092D938 /* UIKit.framework in Frameworks */,
				9EDC5C68192608D80092D938 /* Foundation.framework in Frameworks */,
			);
			runOnlyForDeploymentPostprocessing = 0;
		};
/* End PBXFrameworksBuildPhase section */

/* Begin PBXGroup section */
		9EDC5C3B192608D80092D938 = {
			isa = PBXGroup;
			children = (
				9EDC5C4D192608D80092D938 /* MBAutoGrowingTextView */,
				9EDC5C6C192608D80092D938 /* MBAutoGrowingTextViewTests */,
				9EDC5C46192608D80092D938 /* Frameworks */,
				9EDC5C45192608D80092D938 /* Products */,
			);
			sourceTree = "<group>";
		};
		9EDC5C45192608D80092D938 /* Products */ = {
			isa = PBXGroup;
			children = (
				9EDC5C44192608D80092D938 /* MBAutoGrowingTextView.app */,
				9EDC5C65192608D80092D938 /* MBAutoGrowingTextViewTests.xctest */,
			);
			name = Products;
			sourceTree = "<group>";
		};
		9EDC5C46192608D80092D938 /* Frameworks */ = {
			isa = PBXGroup;
			children = (
				9EDC5C47192608D80092D938 /* Foundation.framework */,
				9EDC5C49192608D80092D938 /* CoreGraphics.framework */,
				9EDC5C4B192608D80092D938 /* UIKit.framework */,
				9EDC5C66192608D80092D938 /* XCTest.framework */,
			);
			name = Frameworks;
			sourceTree = "<group>";
		};
		9EDC5C4D192608D80092D938 /* MBAutoGrowingTextView */ = {
			isa = PBXGroup;
			children = (
				9EDC5C56192608D80092D938 /* MBAppDelegate.h */,
				9EDC5C57192608D80092D938 /* MBAppDelegate.m */,
				9EDC5C59192608D80092D938 /* Main.storyboard */,
				9EDC5C5C192608D80092D938 /* MBViewController.h */,
				9EDC5C5D192608D80092D938 /* MBViewController.m */,
				9EDC5C5F192608D80092D938 /* Images.xcassets */,
				9EDC5C4E192608D80092D938 /* Supporting Files */,
			);
			path = MBAutoGrowingTextView;
			sourceTree = "<group>";
		};
		9EDC5C4E192608D80092D938 /* Supporting Files */ = {
			isa = PBXGroup;
			children = (
				9EDC5C4F192608D80092D938 /* MBAutoGrowingTextView-Info.plist */,
				9EDC5C50192608D80092D938 /* InfoPlist.strings */,
				9EDC5C53192608D80092D938 /* main.m */,
				9EDC5C55192608D80092D938 /* MBAutoGrowingTextView-Prefix.pch */,
			);
			name = "Supporting Files";
			sourceTree = "<group>";
		};
		9EDC5C6C192608D80092D938 /* MBAutoGrowingTextViewTests */ = {
			isa = PBXGroup;
			children = (
				9EDC5C72192608D80092D938 /* MBAutoGrowingTextViewTests.m */,
				9EDC5C6D192608D80092D938 /* Supporting Files */,
			);
			path = MBAutoGrowingTextViewTests;
			sourceTree = "<group>";
		};
		9EDC5C6D192608D80092D938 /* Supporting Files */ = {
			isa = PBXGroup;
			children = (
				9EDC5C6E192608D80092D938 /* MBAutoGrowingTextViewTests-Info.plist */,
				9EDC5C6F192608D80092D938 /* InfoPlist.strings */,
			);
			name = "Supporting Files";
			sourceTree = "<group>";
		};
/* End PBXGroup section */

/* Begin PBXNativeTarget section */
		9EDC5C43192608D80092D938 /* MBAutoGrowingTextView */ = {
			isa = PBXNativeTarget;
			buildConfigurationList = 9EDC5C76192608D80092D938 /* Build configuration list for PBXNativeTarget "MBAutoGrowingTextView" */;
			buildPhases = (
				9EDC5C40192608D80092D938 /* Sources */,
				9EDC5C41192608D80092D938 /* Frameworks */,
				9EDC5C42192608D80092D938 /* Resources */,
			);
			buildRules = (
			);
			dependencies = (
			);
			name = MBAutoGrowingTextView;
			productName = MBAutoGrowingTextView;
			productReference = 9EDC5C44192608D80092D938 /* MBAutoGrowingTextView.app */;
			productType = "com.apple.product-type.application";
		};
		9EDC5C64192608D80092D938 /* MBAutoGrowingTextViewTests */ = {
			isa = PBXNativeTarget;
			buildConfigurationList = 9EDC5C79192608D80092D938 /* Build configuration list for PBXNativeTarget "MBAutoGrowingTextViewTests" */;
			buildPhases = (
				9EDC5C61192608D80092D938 /* Sources */,
				9EDC5C62192608D80092D938 /* Frameworks */,
				9EDC5C63192608D80092D938 /* Resources */,
			);
			buildRules = (
			);
			dependencies = (
				9EDC5C6B192608D80092D938 /* PBXTargetDependency */,
			);
			name = MBAutoGrowingTextViewTests;
			productName = MBAutoGrowingTextViewTests;
			productReference = 9EDC5C65192608D80092D938 /* MBAutoGrowingTextViewTests.xctest */;
			productType = "com.apple.product-type.bundle.unit-test";
		};
/* End PBXNativeTarget section */

/* Begin PBXProject section */
		9EDC5C3C192608D80092D938 /* Project object */ = {
			isa = PBXProject;
			attributes = {
				CLASSPREFIX = MB;
				LastUpgradeCheck = 0510;
				ORGANIZATIONNAME = si.balantic;
				TargetAttributes = {
					9EDC5C64192608D80092D938 = {
						TestTargetID = 9EDC5C43192608D80092D938;
					};
				};
			};
			buildConfigurationList = 9EDC5C3F192608D80092D938 /* Build configuration list for PBXProject "MBAutoGrowingTextView" */;
			compatibilityVersion = "Xcode 3.2";
			developmentRegion = English;
			hasScannedForEncodings = 0;
			knownRegions = (
				en,
				Base,
			);
			mainGroup = 9EDC5C3B192608D80092D938;
			productRefGroup = 9EDC5C45192608D80092D938 /* Products */;
			projectDirPath = "";
			projectRoot = "";
			targets = (
				9EDC5C43192608D80092D938 /* MBAutoGrowingTextView */,
				9EDC5C64192608D80092D938 /* MBAutoGrowingTextViewTests */,
			);
		};
/* End PBXProject section */

/* Begin PBXResourcesBuildPhase section */
		9EDC5C42192608D80092D938 /* Resources */ = {
			isa = PBXResourcesBuildPhase;
			buildActionMask = 2147483647;
			files = (
				9EDC5C60192608D80092D938 /* Images.xcassets in Resources */,
				9EDC5C52192608D80092D938 /* InfoPlist.strings in Resources */,
				9EDC5C5B192608D80092D938 /* Main.storyboard in Resources */,
			);
			runOnlyForDeploymentPostprocessing = 0;
		};
		9EDC5C63192608D80092D938 /* Resources */ = {
			isa = PBXResourcesBuildPhase;
			buildActionMask = 2147483647;
			files = (
				9EDC5C71192608D80092D938 /* InfoPlist.strings in Resources */,
			);
			runOnlyForDeploymentPostprocessing = 0;
		};
/* End PBXResourcesBuildPhase section */

/* Begin PBXSourcesBuildPhase section */
		9EDC5C40192608D80092D938 /* Sources */ = {
			isa = PBXSourcesBuildPhase;
			buildActionMask = 2147483647;
			files = (
				9EDC5C54192608D80092D938 /* main.m in Sources */,
				9EDC5C5E192608D80092D938 /* MBViewController.m in Sources */,
				9EDC5C58192608D80092D938 /* MBAppDelegate.m in Sources */,
			);
			runOnlyForDeploymentPostprocessing = 0;
		};
		9EDC5C61192608D80092D938 /* Sources */ = {
			isa = PBXSourcesBuildPhase;
			buildActionMask = 2147483647;
			files = (
				9EDC5C73192608D80092D938 /* MBAutoGrowingTextViewTests.m in Sources */,
			);
			runOnlyForDeploymentPostprocessing = 0;
		};
/* End PBXSourcesBuildPhase section */

/* Begin PBXTargetDependency section */
		9EDC5C6B192608D80092D938 /* PBXTargetDependency */ = {
			isa = PBXTargetDependency;
			target = 9EDC5C43192608D80092D938 /* MBAutoGrowingTextView */;
			targetProxy = 9EDC5C6A192608D80092D938 /* PBXContainerItemProxy */;
		};
/* End PBXTargetDependency section */

/* Begin PBXVariantGroup section */
		9EDC5C50192608D80092D938 /* InfoPlist.strings */ = {
			isa = PBXVariantGroup;
			children = (
				9EDC5C51192608D80092D938 /* en */,
			);
			name = InfoPlist.strings;
			sourceTree = "<group>";
		};
		9EDC5C59192608D80092D938 /* Main.storyboard */ = {
			isa = PBXVariantGroup;
			children = (
				9EDC5C5A192608D80092D938 /* Base */,
			);
			name = Main.storyboard;
			sourceTree = "<group>";
		};
		9EDC5C6F192608D80092D938 /* InfoPlist.strings */ = {
			isa = PBXVariantGroup;
			children = (
				9EDC5C70192608D80092D938 /* en */,
			);
			name = InfoPlist.strings;
			sourceTree = "<group>";
		};
/* End PBXVariantGroup section */

/* Begin XCBuildConfiguration section */
		9EDC5C74192608D80092D938 /* Debug */ = {
			isa = XCBuildConfiguration;
			buildSettings = {
				ALWAYS_SEARCH_USER_PATHS = NO;
				CLANG_CXX_LANGUAGE_STANDARD = "gnu++0x";
				CLANG_CXX_LIBRARY = "libc++";
				CLANG_ENABLE_MODULES = YES;
				CLANG_ENABLE_OBJC_ARC = YES;
				CLANG_WARN_BOOL_CONVERSION = YES;
				CLANG_WARN_CONSTANT_CONVERSION = YES;
				CLANG_WARN_DIRECT_OBJC_ISA_USAGE = YES_ERROR;
				CLANG_WARN_EMPTY_BODY = YES;
				CLANG_WARN_ENUM_CONVERSION = YES;
				CLANG_WARN_INT_CONVERSION = YES;
				CLANG_WARN_OBJC_ROOT_CLASS = YES_ERROR;
				CLANG_WARN__DUPLICATE_METHOD_MATCH = YES;
				"CODE_SIGN_IDENTITY[sdk=iphoneos*]" = "iPhone Developer";
				COPY_PHASE_STRIP = NO;
				GCC_C_LANGUAGE_STANDARD = gnu99;
				GCC_DYNAMIC_NO_PIC = NO;
				GCC_OPTIMIZATION_LEVEL = 0;
				GCC_PREPROCESSOR_DEFINITIONS = (
					"DEBUG=1",
					"$(inherited)",
				);
				GCC_SYMBOLS_PRIVATE_EXTERN = NO;
				GCC_WARN_64_TO_32_BIT_CONVERSION = YES;
				GCC_WARN_ABOUT_RETURN_TYPE = YES_ERROR;
				GCC_WARN_UNDECLARED_SELECTOR = YES;
				GCC_WARN_UNINITIALIZED_AUTOS = YES_AGGRESSIVE;
				GCC_WARN_UNUSED_FUNCTION = YES;
				GCC_WARN_UNUSED_VARIABLE = YES;
				IPHONEOS_DEPLOYMENT_TARGET = 7.1;
				ONLY_ACTIVE_ARCH = YES;
				SDKROOT = iphoneos;
			};
			name = Debug;
		};
		9EDC5C75192608D80092D938 /* Release */ = {
			isa = XCBuildConfiguration;
			buildSettings = {
				ALWAYS_SEARCH_USER_PATHS = NO;
				CLANG_CXX_LANGUAGE_STANDARD = "gnu++0x";
				CLANG_CXX_LIBRARY = "libc++";
				CLANG_ENABLE_MODULES = YES;
				CLANG_ENABLE_OBJC_ARC = YES;
				CLANG_WARN_BOOL_CONVERSION = YES;
				CLANG_WARN_CONSTANT_CONVERSION = YES;
				CLANG_WARN_DIRECT_OBJC_ISA_USAGE = YES_ERROR;
				CLANG_WARN_EMPTY_BODY = YES;
				CLANG_WARN_ENUM_CONVERSION = YES;
				CLANG_WARN_INT_CONVERSION = YES;
				CLANG_WARN_OBJC_ROOT_CLASS = YES_ERROR;
				CLANG_WARN__DUPLICATE_METHOD_MATCH = YES;
				"CODE_SIGN_IDENTITY[sdk=iphoneos*]" = "iPhone Developer";
				COPY_PHASE_STRIP = YES;
				ENABLE_NS_ASSERTIONS = NO;
				GCC_C_LANGUAGE_STANDARD = gnu99;
				GCC_WARN_64_TO_32_BIT_CONVERSION = YES;
				GCC_WARN_ABOUT_RETURN_TYPE = YES_ERROR;
				GCC_WARN_UNDECLARED_SELECTOR = YES;
				GCC_WARN_UNINITIALIZED_AUTOS = YES_AGGRESSIVE;
				GCC_WARN_UNUSED_FUNCTION = YES;
				GCC_WARN_UNUSED_VARIABLE = YES;
				IPHONEOS_DEPLOYMENT_TARGET = 7.1;
				SDKROOT = iphoneos;
				VALIDATE_PRODUCT = YES;
			};
			name = Release;
		};
		9EDC5C77192608D80092D938 /* Debug */ = {
			isa = XCBuildConfiguration;
			buildSettings = {
				ASSETCATALOG_COMPILER_APPICON_NAME = AppIcon;
				ASSETCATALOG_COMPILER_LAUNCHIMAGE_NAME = LaunchImage;
				GCC_PRECOMPILE_PREFIX_HEADER = YES;
				GCC_PREFIX_HEADER = "MBAutoGrowingTextView/MBAutoGrowingTextView-Prefix.pch";
				INFOPLIST_FILE = "MBAutoGrowingTextView/MBAutoGrowingTextView-Info.plist";
				PRODUCT_NAME = "$(TARGET_NAME)";
				WRAPPER_EXTENSION = app;
			};
			name = Debug;
		};
		9EDC5C78192608D80092D938 /* Release */ = {
			isa = XCBuildConfiguration;
			buildSettings = {
				ASSETCATALOG_COMPILER_APPICON_NAME = AppIcon;
				ASSETCATALOG_COMPILER_LAUNCHIMAGE_NAME = LaunchImage;
				GCC_PRECOMPILE_PREFIX_HEADER = YES;
				GCC_PREFIX_HEADER = "MBAutoGrowingTextView/MBAutoGrowingTextView-Prefix.pch";
				INFOPLIST_FILE = "MBAutoGrowingTextView/MBAutoGrowingTextView-Info.plist";
				PRODUCT_NAME = "$(TARGET_NAME)";
				WRAPPER_EXTENSION = app;
			};
			name = Release;
		};
		9EDC5C7A192608D80092D938 /* Debug */ = {
			isa = XCBuildConfiguration;
			buildSettings = {
				BUNDLE_LOADER = "$(BUILT_PRODUCTS_DIR)/MBAutoGrowingTextView.app/MBAutoGrowingTextView";
				FRAMEWORK_SEARCH_PATHS = (
					"$(SDKROOT)/Developer/Library/Frameworks",
					"$(inherited)",
					"$(DEVELOPER_FRAMEWORKS_DIR)",
				);
				GCC_PRECOMPILE_PREFIX_HEADER = YES;
				GCC_PREFIX_HEADER = "MBAutoGrowingTextView/MBAutoGrowingTextView-Prefix.pch";
				GCC_PREPROCESSOR_DEFINITIONS = (
					"DEBUG=1",
					"$(inherited)",
				);
				INFOPLIST_FILE = "MBAutoGrowingTextViewTests/MBAutoGrowingTextViewTests-Info.plist";
				PRODUCT_NAME = "$(TARGET_NAME)";
				TEST_HOST = "$(BUNDLE_LOADER)";
				WRAPPER_EXTENSION = xctest;
			};
			name = Debug;
		};
		9EDC5C7B192608D80092D938 /* Release */ = {
			isa = XCBuildConfiguration;
			buildSettings = {
				BUNDLE_LOADER = "$(BUILT_PRODUCTS_DIR)/MBAutoGrowingTextView.app/MBAutoGrowingTextView";
				FRAMEWORK_SEARCH_PATHS = (
					"$(SDKROOT)/Developer/Library/Frameworks",
					"$(inherited)",
					"$(DEVELOPER_FRAMEWORKS_DIR)",
				);
				GCC_PRECOMPILE_PREFIX_HEADER = YES;
				GCC_PREFIX_HEADER = "MBAutoGrowingTextView/MBAutoGrowingTextView-Prefix.pch";
				INFOPLIST_FILE = "MBAutoGrowingTextViewTests/MBAutoGrowingTextViewTests-Info.plist";
				PRODUCT_NAME = "$(TARGET_NAME)";
				TEST_HOST = "$(BUNDLE_LOADER)";
				WRAPPER_EXTENSION = xctest;
			};
			name = Release;
		};
/* End XCBuildConfiguration section */

/* Begin XCConfigurationList section */
		9EDC5C3F192608D80092D938 /* Build configuration list for PBXProject "MBAutoGrowingTextView" */ = {
			isa = XCConfigurationList;
			buildConfigurations = (
				9EDC5C74192608D80092D938 /* Debug */,
				9EDC5C75192608D80092D938 /* Release */,
			);
			defaultConfigurationIsVisible = 0;
			defaultConfigurationName = Release;
		};
		9EDC5C76192608D80092D938 /* Build configuration list for PBXNativeTarget "MBAutoGrowingTextView" */ = {
			isa = XCConfigurationList;
			buildConfigurations = (
				9EDC5C77192608D80092D938 /* Debug */,
				9EDC5C78192608D80092D938 /* Release */,
			);
			defaultConfigurationIsVisible = 0;
		};
		9EDC5C79192608D80092D938 /* Build configuration list for PBXNativeTarget "MBAutoGrowingTextViewTests" */ = {
			isa = XCConfigurationList;
			buildConfigurations = (
				9EDC5C7A192608D80092D938 /* Debug */,
				9EDC5C7B192608D80092D938 /* Release */,
			);
			defaultConfigurationIsVisible = 0;
		};
/* End XCConfigurationList section */
	};
	rootObject = 9EDC5C3C192608D80092D938 /* Project object */;
}
